
Microsoft Visual Studio Solution File, Format Version 12.00
# Visual Studio Version 17
VisualStudioVersion = 17.13.35913.81 d17.13
MinimumVisualStudioVersion = 10.0.40219.1
Project("{FAE04EC0-301F-11D3-BF4B-00C04F79EFBC}") = "ui-monitor", "ui-monitor.csproj", "{7C92168B-9E0F-4690-87E5-6FFC35EAAC30}"
EndProject
Global
	GlobalSection(SolutionConfigurationPlatforms) = preSolution
		Debug|Any CPU = Debug|Any CPU
		Release|Any CPU = Release|Any CPU
	EndGlobalSection
	GlobalSection(ProjectConfigurationPlatforms) = postSolution
		{7C92168B-9E0F-4690-87E5-6FFC35EAAC30}.Debug|Any CPU.ActiveCfg = Debug|Any CPU
		{7C92168B-9E0F-4690-87E5-6FFC35EAAC30}.Debug|Any CPU.Build.0 = Debug|Any CPU
		{7C92168B-9E0F-4690-87E5-6FFC35EAAC30}.Release|Any CPU.ActiveCfg = Release|Any CPU
		{7C92168B-9E0F-4690-87E5-6FFC35EAAC30}.Release|Any CPU.Build.0 = Release|Any CPU
	EndGlobalSection
	GlobalSection(SolutionProperties) = preSolution
		HideSolutionNode = FALSE
	EndGlobalSection
	GlobalSection(ExtensibilityGlobals) = postSolution
		SolutionGuid = {699410E8-FE8B-462A-BE30-A3D3FBC210B6}
	EndGlobalSection
EndGlobal
